{
    "_readme": [
        "This file locks the dependencies of your project to a known state",
        "Read more about it at https://getcomposer.org/doc/01-basic-usage.md#installing-dependencies",
        "This file is @generated automatically"
    ],
    "content-hash": "ae4ab914ba9041a5c34281d8b34f769d",
    "packages": [
        {
            "name": "r7r/ste",
            "version": "2.0.1",
            "source": {
                "type": "git",
                "url": "https://github.com/silvasur/ste.git",
                "reference": "698d87d578dfe5d2a794f75003ded834081ca738"
            },
            "dist": {
                "type": "zip",
                "url": "https://api.github.com/repos/silvasur/ste/zipball/698d87d578dfe5d2a794f75003ded834081ca738",
                "reference": "698d87d578dfe5d2a794f75003ded834081ca738",
                "shasum": ""
            },
            "require": {
                "php": ">=7.3.0"
            },
            "require-dev": {
                "phpdocumentor/phpdocumentor": "^2.9",
                "phpunit/phpunit": "^9"
            },
            "type": "library",
            "autoload": {
                "psr-4": {
                    "r7r\\ste\\": "src/ste"
                }
            },
            "notification-url": "https://packagist.org/downloads/",
            "license": [
                "MIT"
            ],
            "authors": [
                {
                    "name": "Laria Carolin Chabowski",
                    "email": "laria@laria.me",
                    "homepage": "http://hi-im.laria.me",
                    "role": "Developer"
                }
            ],
            "description": "A compiling template engine with an XML-ish syntax",
            "homepage": "http://github.com/silvasur/ste",
            "keywords": [
                "templating"
            ],
            "time": "2020-09-22T20:09:51+00:00"
        }
    ],
    "packages-dev": [],
    "aliases": [],
    "minimum-stability": "stable",
    "stability-flags": [],
    "prefer-stable": false,
    "prefer-lowest": false,
    "platform": {
        "php": ">=7.3"
    },
    "platform-dev": [],
    "plugin-api-version": "1.1.0"
}
